
Microsoft Visual Studio Solution File, Format Version 12.00
# Visual Studio Version 17
VisualStudioVersion = 17.7.34024.191
MinimumVisualStudioVersion = 10.0.40219.1
Project("{8BC9CEB8-8B4A-11D0-8D11-00A0C91BC942}") = "hwork1", "hwork1.vcxproj", "{F7D7B5C5-1599-4338-B9A6-44C5C18D9145}"
EndProject
Global
	GlobalSection(SolutionConfigurationPlatforms) = preSolution
		Debug|x64 = Debug|x64
		Debug|x86 = Debug|x86
		Release|x64 = Release|x64
		Release|x86 = Release|x86
	EndGlobalSection
	GlobalSection(ProjectConfigurationPlatforms) = postSolution
		{F7D7B5C5-1599-4338-B9A6-44C5C18D9145}.Debug|x64.ActiveCfg = Debug|x64
		{F7D7B5C5-1599-4338-B9A6-44C5C18D9145}.Debug|x64.Build.0 = Debug|x64
		{F7D7B5C5-1599-4338-B9A6-44C5C18D9145}.Debug|x86.ActiveCfg = Debug|Win32
		{F7D7B5C5-1599-4338-B9A6-44C5C18D9145}.Debug|x86.Build.0 = Debug|Win32
		{F7D7B5C5-1599-4338-B9A6-44C5C18D9145}.Release|x64.ActiveCfg = Release|x64
		{F7D7B5C5-1599-4338-B9A6-44C5C18D9145}.Release|x64.Build.0 = Release|x64
		{F7D7B5C5-1599-4338-B9A6-44C5C18D9145}.Release|x86.ActiveCfg = Release|Win32
		{F7D7B5C5-1599-4338-B9A6-44C5C18D9145}.Release|x86.Build.0 = Release|Win32
	EndGlobalSection
	GlobalSection(SolutionProperties) = preSolution
		HideSolutionNode = FALSE
	EndGlobalSection
	GlobalSection(ExtensibilityGlobals) = postSolution
		SolutionGuid = {7842E4F4-63A2-466D-9641-6D50F94E642C}
	EndGlobalSection
EndGlobal
